
Microsoft Visual Studio Solution File, Format Version 12.00
# Visual Studio Version 16
VisualStudioVersion = 16.0.33801.447
MinimumVisualStudioVersion = 10.0.40219.1
Project("{FAE04EC0-301F-11D3-BF4B-00C04F79EFBC}") = "iMiner", "iMiner.csproj", "{888489CF-38DF-4D1C-9B5E-238181540F08}"
EndProject
Global
	GlobalSection(SolutionConfigurationPlatforms) = preSolution
		Debug|Any CPU = Debug|Any CPU
		Release|Any CPU = Release|Any CPU
	EndGlobalSection
	GlobalSection(ProjectConfigurationPlatforms) = postSolution
		{888489CF-38DF-4D1C-9B5E-238181540F08}.Debug|Any CPU.ActiveCfg = Debug|Any CPU
		{888489CF-38DF-4D1C-9B5E-238181540F08}.Debug|Any CPU.Build.0 = Debug|Any CPU
		{888489CF-38DF-4D1C-9B5E-238181540F08}.Release|Any CPU.ActiveCfg = Release|Any CPU
		{888489CF-38DF-4D1C-9B5E-238181540F08}.Release|Any CPU.Build.0 = Release|Any CPU
	EndGlobalSection
	GlobalSection(SolutionProperties) = preSolution
		HideSolutionNode = FALSE
	EndGlobalSection
	GlobalSection(ExtensibilityGlobals) = postSolution
		SolutionGuid = {6A61D9DD-58E1-4A7E-ABC6-E3DB80EED1C4}
	EndGlobalSection
EndGlobal
